
Microsoft Visual Studio Solution File, Format Version 12.00
# Visual Studio Version 17
VisualStudioVersion = 17.11.35327.3
MinimumVisualStudioVersion = 10.0.40219.1
Project("{9A19103F-16F7-4668-BE54-9A1E7A4F7556}") = "GoogleDriveUnittestWithDapper", "GoogleDriveUnittestWithDapper.csproj", "{BB0B1145-111E-4CDE-92B3-A85583194699}"
EndProject
Global
	GlobalSection(SolutionConfigurationPlatforms) = preSolution
		Debug|Any CPU = Debug|Any CPU
		Release|Any CPU = Release|Any CPU
	EndGlobalSection
	GlobalSection(ProjectConfigurationPlatforms) = postSolution
		{BB0B1145-111E-4CDE-92B3-A85583194699}.Debug|Any CPU.ActiveCfg = Debug|Any CPU
		{BB0B1145-111E-4CDE-92B3-A85583194699}.Debug|Any CPU.Build.0 = Debug|Any CPU
		{BB0B1145-111E-4CDE-92B3-A85583194699}.Release|Any CPU.ActiveCfg = Release|Any CPU
		{BB0B1145-111E-4CDE-92B3-A85583194699}.Release|Any CPU.Build.0 = Release|Any CPU
	EndGlobalSection
	GlobalSection(SolutionProperties) = preSolution
		HideSolutionNode = FALSE
	EndGlobalSection
	GlobalSection(ExtensibilityGlobals) = postSolution
		SolutionGuid = {E22CA508-A18B-49BD-B8FD-278E672613A0}
	EndGlobalSection
EndGlobal
